
Microsoft Visual Studio Solution File, Format Version 11.00
# Visual Studio 2010
Project("{2150E333-8FDC-42A3-9474-1A3956D46DE8}") = "Test", "Test", "{0D5A2C9F-B3DE-466C-9053-69C992368D46}"
EndProject
Project("{2150E333-8FDC-42A3-9474-1A3956D46DE8}") = "Solution Items", "Solution Items", "{06A8E029-086B-4BEB-A492-19ABD0566FEA}"
	ProjectSection(SolutionItems) = preProject
		Toque.ico = Toque.ico
	EndProjectSection
EndProject
Project("{FAE04EC0-301F-11D3-BF4B-00C04F79EFBC}") = "XsdToClasses", "XsdToClasses\XsdToClasses\XsdToClasses.csproj", "{D76B0BD2-D822-461A-80D1-93BE3410D7C5}"
EndProject
Project("{54435603-DBB4-11D2-8724-00A0C9A8B90C}") = "XsdToClasses.Setup", "XsdToClasses\XsdToClasses.Setup\XsdToClasses.Setup.vdproj", "{396693B1-5F9D-45CA-BFF3-C1AA7303503B}"
EndProject
Project("{FAE04EC0-301F-11D3-BF4B-00C04F79EFBC}") = "CodeGeneration", "CodeGeneration\CodeGeneration.csproj", "{3038075D-63C6-495D-ACAC-6D1C0E31BF28}"
EndProject
Project("{FAE04EC0-301F-11D3-BF4B-00C04F79EFBC}") = "W3CXSD2001", "W3CXSD2001\W3CXSD2001.csproj", "{0CD5DF53-B113-4687-9617-4219FB25E05F}"
EndProject
Project("{FAE04EC0-301F-11D3-BF4B-00C04F79EFBC}") = "Register", "Register\Register.csproj", "{ACF65B9C-FCA3-4EE7-9890-F8A77BC8CA20}"
EndProject
Project("{FAE04EC0-301F-11D3-BF4B-00C04F79EFBC}") = "BlueToque.XmlLibrary.CodeModifiers", "CodeModifiers\BlueToque.XmlLibrary.CodeModifiers.csproj", "{049DE099-0699-44D3-8A54-7EDD23A2BD77}"
EndProject
Global
	GlobalSection(SolutionConfigurationPlatforms) = preSolution
		Debug|Any CPU = Debug|Any CPU
		Debug|Mixed Platforms = Debug|Mixed Platforms
		Debug|x86 = Debug|x86
		Release|Any CPU = Release|Any CPU
		Release|Mixed Platforms = Release|Mixed Platforms
		Release|x86 = Release|x86
	EndGlobalSection
	GlobalSection(ProjectConfigurationPlatforms) = postSolution
		{D76B0BD2-D822-461A-80D1-93BE3410D7C5}.Debug|Any CPU.ActiveCfg = Debug|Any CPU
		{D76B0BD2-D822-461A-80D1-93BE3410D7C5}.Debug|Any CPU.Build.0 = Debug|Any CPU
		{D76B0BD2-D822-461A-80D1-93BE3410D7C5}.Debug|Mixed Platforms.ActiveCfg = Debug|Any CPU
		{D76B0BD2-D822-461A-80D1-93BE3410D7C5}.Debug|Mixed Platforms.Build.0 = Debug|Any CPU
		{D76B0BD2-D822-461A-80D1-93BE3410D7C5}.Debug|x86.ActiveCfg = Debug|Any CPU
		{D76B0BD2-D822-461A-80D1-93BE3410D7C5}.Release|Any CPU.ActiveCfg = Release|Any CPU
		{D76B0BD2-D822-461A-80D1-93BE3410D7C5}.Release|Any CPU.Build.0 = Release|Any CPU
		{D76B0BD2-D822-461A-80D1-93BE3410D7C5}.Release|Mixed Platforms.ActiveCfg = Release|Any CPU
		{D76B0BD2-D822-461A-80D1-93BE3410D7C5}.Release|Mixed Platforms.Build.0 = Release|Any CPU
		{D76B0BD2-D822-461A-80D1-93BE3410D7C5}.Release|x86.ActiveCfg = Release|Any CPU
		{396693B1-5F9D-45CA-BFF3-C1AA7303503B}.Debug|Any CPU.ActiveCfg = Debug
		{396693B1-5F9D-45CA-BFF3-C1AA7303503B}.Debug|Mixed Platforms.ActiveCfg = Debug
		{396693B1-5F9D-45CA-BFF3-C1AA7303503B}.Debug|Mixed Platforms.Build.0 = Debug
		{396693B1-5F9D-45CA-BFF3-C1AA7303503B}.Debug|x86.ActiveCfg = Debug
		{396693B1-5F9D-45CA-BFF3-C1AA7303503B}.Debug|x86.Build.0 = Debug
		{396693B1-5F9D-45CA-BFF3-C1AA7303503B}.Release|Any CPU.ActiveCfg = Release
		{396693B1-5F9D-45CA-BFF3-C1AA7303503B}.Release|Any CPU.Build.0 = Release
		{396693B1-5F9D-45CA-BFF3-C1AA7303503B}.Release|Mixed Platforms.ActiveCfg = Release
		{396693B1-5F9D-45CA-BFF3-C1AA7303503B}.Release|Mixed Platforms.Build.0 = Release
		{396693B1-5F9D-45CA-BFF3-C1AA7303503B}.Release|x86.ActiveCfg = Release
		{396693B1-5F9D-45CA-BFF3-C1AA7303503B}.Release|x86.Build.0 = Release
		{3038075D-63C6-495D-ACAC-6D1C0E31BF28}.Debug|Any CPU.ActiveCfg = Debug|Any CPU
		{3038075D-63C6-495D-ACAC-6D1C0E31BF28}.Debug|Any CPU.Build.0 = Debug|Any CPU
		{3038075D-63C6-495D-ACAC-6D1C0E31BF28}.Debug|Mixed Platforms.ActiveCfg = Debug|Any CPU
		{3038075D-63C6-495D-ACAC-6D1C0E31BF28}.Debug|Mixed Platforms.Build.0 = Debug|Any CPU
		{3038075D-63C6-495D-ACAC-6D1C0E31BF28}.Debug|x86.ActiveCfg = Debug|Any CPU
		{3038075D-63C6-495D-ACAC-6D1C0E31BF28}.Release|Any CPU.ActiveCfg = Release|Any CPU
		{3038075D-63C6-495D-ACAC-6D1C0E31BF28}.Release|Any CPU.Build.0 = Release|Any CPU
		{3038075D-63C6-495D-ACAC-6D1C0E31BF28}.Release|Mixed Platforms.ActiveCfg = Release|Any CPU
		{3038075D-63C6-495D-ACAC-6D1C0E31BF28}.Release|Mixed Platforms.Build.0 = Release|Any CPU
		{3038075D-63C6-495D-ACAC-6D1C0E31BF28}.Release|x86.ActiveCfg = Release|Any CPU
		{0CD5DF53-B113-4687-9617-4219FB25E05F}.Debug|Any CPU.ActiveCfg = Debug|Any CPU
		{0CD5DF53-B113-4687-9617-4219FB25E05F}.Debug|Any CPU.Build.0 = Debug|Any CPU
		{0CD5DF53-B113-4687-9617-4219FB25E05F}.Debug|Mixed Platforms.ActiveCfg = Debug|Any CPU
		{0CD5DF53-B113-4687-9617-4219FB25E05F}.Debug|Mixed Platforms.Build.0 = Debug|Any CPU
		{0CD5DF53-B113-4687-9617-4219FB25E05F}.Debug|x86.ActiveCfg = Debug|Any CPU
		{0CD5DF53-B113-4687-9617-4219FB25E05F}.Release|Any CPU.ActiveCfg = Release|Any CPU
		{0CD5DF53-B113-4687-9617-4219FB25E05F}.Release|Any CPU.Build.0 = Release|Any CPU
		{0CD5DF53-B113-4687-9617-4219FB25E05F}.Release|Mixed Platforms.ActiveCfg = Release|Any CPU
		{0CD5DF53-B113-4687-9617-4219FB25E05F}.Release|Mixed Platforms.Build.0 = Release|Any CPU
		{0CD5DF53-B113-4687-9617-4219FB25E05F}.Release|x86.ActiveCfg = Release|Any CPU
		{ACF65B9C-FCA3-4EE7-9890-F8A77BC8CA20}.Debug|Any CPU.ActiveCfg = Debug|x86
		{ACF65B9C-FCA3-4EE7-9890-F8A77BC8CA20}.Debug|Mixed Platforms.ActiveCfg = Debug|x86
		{ACF65B9C-FCA3-4EE7-9890-F8A77BC8CA20}.Debug|Mixed Platforms.Build.0 = Debug|x86
		{ACF65B9C-FCA3-4EE7-9890-F8A77BC8CA20}.Debug|x86.ActiveCfg = Debug|x86
		{ACF65B9C-FCA3-4EE7-9890-F8A77BC8CA20}.Debug|x86.Build.0 = Debug|x86
		{ACF65B9C-FCA3-4EE7-9890-F8A77BC8CA20}.Release|Any CPU.ActiveCfg = Release|x86
		{ACF65B9C-FCA3-4EE7-9890-F8A77BC8CA20}.Release|Mixed Platforms.ActiveCfg = Release|x86
		{ACF65B9C-FCA3-4EE7-9890-F8A77BC8CA20}.Release|Mixed Platforms.Build.0 = Release|x86
		{ACF65B9C-FCA3-4EE7-9890-F8A77BC8CA20}.Release|x86.ActiveCfg = Release|x86
		{ACF65B9C-FCA3-4EE7-9890-F8A77BC8CA20}.Release|x86.Build.0 = Release|x86
		{049DE099-0699-44D3-8A54-7EDD23A2BD77}.Debug|Any CPU.ActiveCfg = Debug|Any CPU
		{049DE099-0699-44D3-8A54-7EDD23A2BD77}.Debug|Any CPU.Build.0 = Debug|Any CPU
		{049DE099-0699-44D3-8A54-7EDD23A2BD77}.Debug|Mixed Platforms.ActiveCfg = Debug|Any CPU
		{049DE099-0699-44D3-8A54-7EDD23A2BD77}.Debug|Mixed Platforms.Build.0 = Debug|Any CPU
		{049DE099-0699-44D3-8A54-7EDD23A2BD77}.Debug|x86.ActiveCfg = Debug|Any CPU
		{049DE099-0699-44D3-8A54-7EDD23A2BD77}.Release|Any CPU.ActiveCfg = Release|Any CPU
		{049DE099-0699-44D3-8A54-7EDD23A2BD77}.Release|Any CPU.Build.0 = Release|Any CPU
		{049DE099-0699-44D3-8A54-7EDD23A2BD77}.Release|Mixed Platforms.ActiveCfg = Release|Any CPU
		{049DE099-0699-44D3-8A54-7EDD23A2BD77}.Release|Mixed Platforms.Build.0 = Release|Any CPU
		{049DE099-0699-44D3-8A54-7EDD23A2BD77}.Release|x86.ActiveCfg = Release|Any CPU
	EndGlobalSection
	GlobalSection(SolutionProperties) = preSolution
		HideSolutionNode = FALSE
	EndGlobalSection
EndGlobal
